
Microsoft Visual Studio Solution File, Format Version 12.00
# Visual Studio Version 17
VisualStudioVersion = 17.8.34525.116
MinimumVisualStudioVersion = 10.0.40219.1
Project("{9A19103F-16F7-4668-BE54-9A1E7A4F7556}") = "BillingApplication", "BillingApplication\BillingApplication.csproj", "{35B224E1-7DA7-4DB0-BC0C-81B83A45E583}"
EndProject
Global
	GlobalSection(SolutionConfigurationPlatforms) = preSolution
		Debug|Any CPU = Debug|Any CPU
		Release|Any CPU = Release|Any CPU
	EndGlobalSection
	GlobalSection(ProjectConfigurationPlatforms) = postSolution
		{35B224E1-7DA7-4DB0-BC0C-81B83A45E583}.Debug|Any CPU.ActiveCfg = Debug|Any CPU
		{35B224E1-7DA7-4DB0-BC0C-81B83A45E583}.Debug|Any CPU.Build.0 = Debug|Any CPU
		{35B224E1-7DA7-4DB0-BC0C-81B83A45E583}.Release|Any CPU.ActiveCfg = Release|Any CPU
		{35B224E1-7DA7-4DB0-BC0C-81B83A45E583}.Release|Any CPU.Build.0 = Release|Any CPU
	EndGlobalSection
	GlobalSection(SolutionProperties) = preSolution
		HideSolutionNode = FALSE
	EndGlobalSection
	GlobalSection(ExtensibilityGlobals) = postSolution
		SolutionGuid = {EFA6B2CE-3E94-49D1-B6DF-BD840A259E5D}
	EndGlobalSection
EndGlobal
